// !$*UTF8*$!
{
	archiveVersion = 1;
	classes = {
	};
	objectVersion = 46;
	objects = {

/* Begin PBXBuildFile section */
		7B6970371A138FF7008CED89 /* NuweScoreCharts.framework in Frameworks */ = {isa = PBXBuildFile; fileRef = 7B6970361A138FF7008CED89 /* NuweScoreCharts.framework */; };
		7BE1B8D71A135A9A00AFAA63 /* main.m in Sources */ = {isa = PBXBuildFile; fileRef = 7BE1B8D61A135A9A00AFAA63 /* main.m */; };
		7BE1B8DA1A135A9A00AFAA63 /* AppDelegate.m in Sources */ = {isa = PBXBuildFile; fileRef = 7BE1B8D91A135A9A00AFAA63 /* AppDelegate.m */; };
		7BE1B8DD1A135A9A00AFAA63 /* ViewController.m in Sources */ = {isa = PBXBuildFile; fileRef = 7BE1B8DC1A135A9A00AFAA63 /* ViewController.m */; };
		7BE1B8E01A135A9A00AFAA63 /* Main.storyboard in Resources */ = {isa = PBXBuildFile; fileRef = 7BE1B8DE1A135A9A00AFAA63 /* Main.storyboard */; };
		7BE1B8E21A135A9A00AFAA63 /* Images.xcassets in Resources */ = {isa = PBXBuildFile; fileRef = 7BE1B8E11A135A9A00AFAA63 /* Images.xcassets */; };
		7BE1B8E51A135A9A00AFAA63 /* LaunchScreen.xib in Resources */ = {isa = PBXBuildFile; fileRef = 7BE1B8E31A135A9A00AFAA63 /* LaunchScreen.xib */; };
		7BE1B8F11A135A9A00AFAA63 /* NuweScoreDemoAppTests.m in Sources */ = {isa = PBXBuildFile; fileRef = 7BE1B8F01A135A9A00AFAA63 /* NuweScoreDemoAppTests.m */; };
/* End PBXBuildFile section */

/* Begin PBXContainerItemProxy section */
		7BE1B8EB1A135A9A00AFAA63 /* PBXContainerItemProxy */ = {
			isa = PBXContainerItemProxy;
			containerPortal = 7BE1B8C91A135A9900AFAA63 /* Project object */;
			proxyType = 1;
			remoteGlobalIDString = 7BE1B8D01A135A9A00AFAA63;
			remoteInfo = NuweScoreDemoApp;
		};
/* End PBXContainerItemProxy section */

/* Begin PBXFileReference section */
		7B6970361A138FF7008CED89 /* NuweScoreCharts.framework */ = {isa = PBXFileReference; lastKnownFileType = wrapper.framework; path = NuweScoreCharts.framework; sourceTree = "<group>"; };
		7BE1B8D11A135A9A00AFAA63 /* NuweScoreDemoApp.app */ = {isa = PBXFileReference; explicitFileType = wrapper.application; includeInIndex = 0; path = NuweScoreDemoApp.app; sourceTree = BUILT_PRODUCTS_DIR; };
		7BE1B8D51A135A9A00AFAA63 /* Info.plist */ = {isa = PBXFileReference; lastKnownFileType = text.plist.xml; path = Info.plist; sourceTree = "<group>"; };
		7BE1B8D61A135A9A00AFAA63 /* main.m */ = {isa = PBXFileReference; lastKnownFileType = sourcecode.c.objc; path = main.m; sourceTree = "<group>"; };
		7BE1B8D81A135A9A00AFAA63 /* AppDelegate.h */ = {isa = PBXFileReference; lastKnownFileType = sourcecode.c.h; path = AppDelegate.h; sourceTree = "<group>"; };
		7BE1B8D91A135A9A00AFAA63 /* AppDelegate.m */ = {isa = PBXFileReference; lastKnownFileType = sourcecode.c.objc; path = AppDelegate.m; sourceTree = "<group>"; };
		7BE1B8DB1A135A9A00AFAA63 /* ViewController.h */ = {isa = PBXFileReference; lastKnownFileType = sourcecode.c.h; path = ViewController.h; sourceTree = "<group>"; };
		7BE1B8DC1A135A9A00AFAA63 /* ViewController.m */ = {isa = PBXFileReference; lastKnownFileType = sourcecode.c.objc; path = ViewController.m; sourceTree = "<group>"; };
		7BE1B8DF1A135A9A00AFAA63 /* Base */ = {isa = PBXFileReference; lastKnownFileType = file.storyboard; name = Base; path = Base.lproj/Main.storyboard; sourceTree = "<group>"; };
		7BE1B8E11A135A9A00AFAA63 /* Images.xcassets */ = {isa = PBXFileReference; lastKnownFileType = folder.assetcatalog; path = Images.xcassets; sourceTree = "<group>"; };
		7BE1B8E41A135A9A00AFAA63 /* Base */ = {isa = PBXFileReference; lastKnownFileType = file.xib; name = Base; path = Base.lproj/LaunchScreen.xib; sourceTree = "<group>"; };
		7BE1B8EA1A135A9A00AFAA63 /* NuweScoreDemoAppTests.xctest */ = {isa = PBXFileReference; explicitFileType = wrapper.cfbundle; includeInIndex = 0; path = NuweScoreDemoAppTests.xctest; sourceTree = BUILT_PRODUCTS_DIR; };
		7BE1B8EF1A135A9A00AFAA63 /* Info.plist */ = {isa = PBXFileReference; lastKnownFileType = text.plist.xml; path = Info.plist; sourceTree = "<group>"; };
		7BE1B8F01A135A9A00AFAA63 /* NuweScoreDemoAppTests.m */ = {isa = PBXFileReference; lastKnownFileType = sourcecode.c.objc; path = NuweScoreDemoAppTests.m; sourceTree = "<group>"; };
/* End PBXFileReference section */

/* Begin PBXFrameworksBuildPhase section */
		7BE1B8CE1A135A9A00AFAA63 /* Frameworks */ = {
			isa = PBXFrameworksBuildPhase;
			buildActionMask = 2147483647;
			files = (
				7B6970371A138FF7008CED89 /* NuweScoreCharts.framework in Frameworks */,
			);
			runOnlyForDeploymentPostprocessing = 0;
		};
		7BE1B8E71A135A9A00AFAA63 /* Frameworks */ = {
			isa = PBXFrameworksBuildPhase;
			buildActionMask = 2147483647;
			files = (
			);
			runOnlyForDeploymentPostprocessing = 0;
		};
/* End PBXFrameworksBuildPhase section */

/* Begin PBXGroup section */
		7BE1B8C81A135A9900AFAA63 = {
			isa = PBXGroup;
			children = (
				7BE1B8D31A135A9A00AFAA63 /* NuweScoreDemoApp */,
				7BE1B8ED1A135A9A00AFAA63 /* NuweScoreDemoAppTests */,
				7BE1B8D21A135A9A00AFAA63 /* Products */,
			);
			sourceTree = "<group>";
		};
		7BE1B8D21A135A9A00AFAA63 /* Products */ = {
			isa = PBXGroup;
			children = (
				7BE1B8D11A135A9A00AFAA63 /* NuweScoreDemoApp.app */,
				7BE1B8EA1A135A9A00AFAA63 /* NuweScoreDemoAppTests.xctest */,
			);
			name = Products;
			sourceTree = "<group>";
		};
		7BE1B8D31A135A9A00AFAA63 /* NuweScoreDemoApp */ = {
			isa = PBXGroup;
			children = (
				7BE1B8D81A135A9A00AFAA63 /* AppDelegate.h */,
				7BE1B8D91A135A9A00AFAA63 /* AppDelegate.m */,
				7BE1B8DB1A135A9A00AFAA63 /* ViewController.h */,
				7BE1B8DC1A135A9A00AFAA63 /* ViewController.m */,
				7BE1B8DE1A135A9A00AFAA63 /* Main.storyboard */,
				7BE1B8E11A135A9A00AFAA63 /* Images.xcassets */,
				7BE1B8E31A135A9A00AFAA63 /* LaunchScreen.xib */,
				7BE1B8FA1A13600800AFAA63 /* Frameworks */,
				7BE1B8D41A135A9A00AFAA63 /* Supporting Files */,
			);
			path = NuweScoreDemoApp;
			sourceTree = "<group>";
		};
		7BE1B8D41A135A9A00AFAA63 /* Supporting Files */ = {
			isa = PBXGroup;
			children = (
				7BE1B8D51A135A9A00AFAA63 /* Info.plist */,
				7BE1B8D61A135A9A00AFAA63 /* main.m */,
			);
			name = "Supporting Files";
			sourceTree = "<group>";
		};
		7BE1B8ED1A135A9A00AFAA63 /* NuweScoreDemoAppTests */ = {
			isa = PBXGroup;
			children = (
				7BE1B8F01A135A9A00AFAA63 /* NuweScoreDemoAppTests.m */,
				7BE1B8EE1A135A9A00AFAA63 /* Supporting Files */,
			);
			path = NuweScoreDemoAppTests;
			sourceTree = "<group>";
		};
		7BE1B8EE1A135A9A00AFAA63 /* Supporting Files */ = {
			isa = PBXGroup;
			children = (
				7BE1B8EF1A135A9A00AFAA63 /* Info.plist */,
			);
			name = "Supporting Files";
			sourceTree = "<group>";
		};
		7BE1B8FA1A13600800AFAA63 /* Frameworks */ = {
			isa = PBXGroup;
			children = (
				7B6970361A138FF7008CED89 /* NuweScoreCharts.framework */,
			);
			path = Frameworks;
			sourceTree = "<group>";
		};
/* End PBXGroup section */

/* Begin PBXNativeTarget section */
		7BE1B8D01A135A9A00AFAA63 /* NuweScoreDemoApp */ = {
			isa = PBXNativeTarget;
			buildConfigurationList = 7BE1B8F41A135A9A00AFAA63 /* Build configuration list for PBXNativeTarget "NuweScoreDemoApp" */;
			buildPhases = (
				7BE1B8CD1A135A9A00AFAA63 /* Sources */,
				7BE1B8CE1A135A9A00AFAA63 /* Frameworks */,
				7BE1B8CF1A135A9A00AFAA63 /* Resources */,
			);
			buildRules = (
			);
			dependencies = (
			);
			name = NuweScoreDemoApp;
			productName = NuweScoreDemoApp;
			productReference = 7BE1B8D11A135A9A00AFAA63 /* NuweScoreDemoApp.app */;
			productType = "com.apple.product-type.application";
		};
		7BE1B8E91A135A9A00AFAA63 /* NuweScoreDemoAppTests */ = {
			isa = PBXNativeTarget;
			buildConfigurationList = 7BE1B8F71A135A9A00AFAA63 /* Build configuration list for PBXNativeTarget "NuweScoreDemoAppTests" */;
			buildPhases = (
				7BE1B8E61A135A9A00AFAA63 /* Sources */,
				7BE1B8E71A135A9A00AFAA63 /* Frameworks */,
				7BE1B8E81A135A9A00AFAA63 /* Resources */,
			);
			buildRules = (
			);
			dependencies = (
				7BE1B8EC1A135A9A00AFAA63 /* PBXTargetDependency */,
			);
			name = NuweScoreDemoAppTests;
			productName = NuweScoreDemoAppTests;
			productReference = 7BE1B8EA1A135A9A00AFAA63 /* NuweScoreDemoAppTests.xctest */;
			productType = "com.apple.product-type.bundle.unit-test";
		};
/* End PBXNativeTarget section */

/* Begin PBXProject section */
		7BE1B8C91A135A9900AFAA63 /* Project object */ = {
			isa = PBXProject;
			attributes = {
				LastUpgradeCheck = 0610;
				ORGANIZATIONNAME = "Nu Wellness Ltd";
				TargetAttributes = {
					7BE1B8D01A135A9A00AFAA63 = {
						CreatedOnToolsVersion = 6.1;
					};
					7BE1B8E91A135A9A00AFAA63 = {
						CreatedOnToolsVersion = 6.1;
						TestTargetID = 7BE1B8D01A135A9A00AFAA63;
					};
				};
			};
			buildConfigurationList = 7BE1B8CC1A135A9900AFAA63 /* Build configuration list for PBXProject "NuweScoreDemoApp" */;
			compatibilityVersion = "Xcode 3.2";
			developmentRegion = English;
			hasScannedForEncodings = 0;
			knownRegions = (
				en,
				Base,
			);
			mainGroup = 7BE1B8C81A135A9900AFAA63;
			productRefGroup = 7BE1B8D21A135A9A00AFAA63 /* Products */;
			projectDirPath = "";
			projectRoot = "";
			targets = (
				7BE1B8D01A135A9A00AFAA63 /* NuweScoreDemoApp */,
				7BE1B8E91A135A9A00AFAA63 /* NuweScoreDemoAppTests */,
			);
		};
/* End PBXProject section */

/* Begin PBXResourcesBuildPhase section */
		7BE1B8CF1A135A9A00AFAA63 /* Resources */ = {
			isa = PBXResourcesBuildPhase;
			buildActionMask = 2147483647;
			files = (
				7BE1B8E01A135A9A00AFAA63 /* Main.storyboard in Resources */,
				7BE1B8E51A135A9A00AFAA63 /* LaunchScreen.xib in Resources */,
				7BE1B8E21A135A9A00AFAA63 /* Images.xcassets in Resources */,
			);
			runOnlyForDeploymentPostprocessing = 0;
		};
		7BE1B8E81A135A9A00AFAA63 /* Resources */ = {
			isa = PBXResourcesBuildPhase;
			buildActionMask = 2147483647;
			files = (
			);
			runOnlyForDeploymentPostprocessing = 0;
		};
/* End PBXResourcesBuildPhase section */

/* Begin PBXSourcesBuildPhase section */
		7BE1B8CD1A135A9A00AFAA63 /* Sources */ = {
			isa = PBXSourcesBuildPhase;
			buildActionMask = 2147483647;
			files = (
				7BE1B8DD1A135A9A00AFAA63 /* ViewController.m in Sources */,
				7BE1B8DA1A135A9A00AFAA63 /* AppDelegate.m in Sources */,
				7BE1B8D71A135A9A00AFAA63 /* main.m in Sources */,
			);
			runOnlyForDeploymentPostprocessing = 0;
		};
		7BE1B8E61A135A9A00AFAA63 /* Sources */ = {
			isa = PBXSourcesBuildPhase;
			buildActionMask = 2147483647;
			files = (
				7BE1B8F11A135A9A00AFAA63 /* NuweScoreDemoAppTests.m in Sources */,
			);
			runOnlyForDeploymentPostprocessing = 0;
		};
/* End PBXSourcesBuildPhase section */

/* Begin PBXTargetDependency section */
		7BE1B8EC1A135A9A00AFAA63 /* PBXTargetDependency */ = {
			isa = PBXTargetDependency;
			target = 7BE1B8D01A135A9A00AFAA63 /* NuweScoreDemoApp */;
			targetProxy = 7BE1B8EB1A135A9A00AFAA63 /* PBXContainerItemProxy */;
		};
/* End PBXTargetDependency section */

/* Begin PBXVariantGroup section */
		7BE1B8DE1A135A9A00AFAA63 /* Main.storyboard */ = {
			isa = PBXVariantGroup;
			children = (
				7BE1B8DF1A135A9A00AFAA63 /* Base */,
			);
			name = Main.storyboard;
			sourceTree = "<group>";
		};
		7BE1B8E31A135A9A00AFAA63 /* LaunchScreen.xib */ = {
			isa = PBXVariantGroup;
			children = (
				7BE1B8E41A135A9A00AFAA63 /* Base */,
			);
			name = LaunchScreen.xib;
			sourceTree = "<group>";
		};
/* End PBXVariantGroup section */

/* Begin XCBuildConfiguration section */
		7BE1B8F21A135A9A00AFAA63 /* Debug */ = {
			isa = XCBuildConfiguration;
			buildSettings = {
				ALWAYS_SEARCH_USER_PATHS = NO;
				CLANG_CXX_LANGUAGE_STANDARD = "gnu++0x";
				CLANG_CXX_LIBRARY = "libc++";
				CLANG_ENABLE_MODULES = YES;
				CLANG_ENABLE_OBJC_ARC = YES;
				CLANG_WARN_BOOL_CONVERSION = YES;
				CLANG_WARN_CONSTANT_CONVERSION = YES;
				CLANG_WARN_DIRECT_OBJC_ISA_USAGE = YES_ERROR;
				CLANG_WARN_EMPTY_BODY = YES;
				CLANG_WARN_ENUM_CONVERSION = YES;
				CLANG_WARN_INT_CONVERSION = YES;
				CLANG_WARN_OBJC_ROOT_CLASS = YES_ERROR;
				CLANG_WARN_UNREACHABLE_CODE = YES;
				CLANG_WARN__DUPLICATE_METHOD_MATCH = YES;
				"CODE_SIGN_IDENTITY[sdk=iphoneos*]" = "iPhone Developer";
				COPY_PHASE_STRIP = NO;
				ENABLE_STRICT_OBJC_MSGSEND = YES;
				GCC_C_LANGUAGE_STANDARD = gnu99;
				GCC_DYNAMIC_NO_PIC = NO;
				GCC_OPTIMIZATION_LEVEL = 0;
				GCC_PREPROCESSOR_DEFINITIONS = (
					"DEBUG=1",
					"$(inherited)",
				);
				GCC_SYMBOLS_PRIVATE_EXTERN = NO;
				GCC_WARN_64_TO_32_BIT_CONVERSION = YES;
				GCC_WARN_ABOUT_RETURN_TYPE = YES_ERROR;
				GCC_WARN_UNDECLARED_SELECTOR = YES;
				GCC_WARN_UNINITIALIZED_AUTOS = YES_AGGRESSIVE;
				GCC_WARN_UNUSED_FUNCTION = YES;
				GCC_WARN_UNUSED_VARIABLE = YES;
				IPHONEOS_DEPLOYMENT_TARGET = 8.1;
				MTL_ENABLE_DEBUG_INFO = YES;
				ONLY_ACTIVE_ARCH = YES;
				SDKROOT = iphoneos;
			};
			name = Debug;
		};
		7BE1B8F31A135A9A00AFAA63 /* Release */ = {
			isa = XCBuildConfiguration;
			buildSettings = {
				ALWAYS_SEARCH_USER_PATHS = NO;
				CLANG_CXX_LANGUAGE_STANDARD = "gnu++0x";
				CLANG_CXX_LIBRARY = "libc++";
				CLANG_ENABLE_MODULES = YES;
				CLANG_ENABLE_OBJC_ARC = YES;
				CLANG_WARN_BOOL_CONVERSION = YES;
				CLANG_WARN_CONSTANT_CONVERSION = YES;
				CLANG_WARN_DIRECT_OBJC_ISA_USAGE = YES_ERROR;
				CLANG_WARN_EMPTY_BODY = YES;
				CLANG_WARN_ENUM_CONVERSION = YES;
				CLANG_WARN_INT_CONVERSION = YES;
				CLANG_WARN_OBJC_ROOT_CLASS = YES_ERROR;
				CLANG_WARN_UNREACHABLE_CODE = YES;
				CLANG_WARN__DUPLICATE_METHOD_MATCH = YES;
				"CODE_SIGN_IDENTITY[sdk=iphoneos*]" = "iPhone Developer";
				COPY_PHASE_STRIP = YES;
				ENABLE_NS_ASSERTIONS = NO;
				ENABLE_STRICT_OBJC_MSGSEND = YES;
				GCC_C_LANGUAGE_STANDARD = gnu99;
				GCC_WARN_64_TO_32_BIT_CONVERSION = YES;
				GCC_WARN_ABOUT_RETURN_TYPE = YES_ERROR;
				GCC_WARN_UNDECLARED_SELECTOR = YES;
				GCC_WARN_UNINITIALIZED_AUTOS = YES_AGGRESSIVE;
				GCC_WARN_UNUSED_FUNCTION = YES;
				GCC_WARN_UNUSED_VARIABLE = YES;
				IPHONEOS_DEPLOYMENT_TARGET = 8.1;
				MTL_ENABLE_DEBUG_INFO = NO;
				SDKROOT = iphoneos;
				VALIDATE_PRODUCT = YES;
			};
			name = Release;
		};
		7BE1B8F51A135A9A00AFAA63 /* Debug */ = {
			isa = XCBuildConfiguration;
			buildSettings = {
				ASSETCATALOG_COMPILER_APPICON_NAME = AppIcon;
				ASSETCATALOG_COMPILER_LAUNCHIMAGE_NAME = LaunchImage;
				FRAMEWORK_SEARCH_PATHS = (
					"$(inherited)",
					"$(PROJECT_DIR)/NuweScoreDemoApp/Frameworks",
				);
				INFOPLIST_FILE = NuweScoreDemoApp/Info.plist;
				IPHONEOS_DEPLOYMENT_TARGET = 7.0;
				LD_RUNPATH_SEARCH_PATHS = "$(inherited) @executable_path/Frameworks";
				OTHER_LDFLAGS = "-ObjC";
				PRODUCT_NAME = "$(TARGET_NAME)";
			};
			name = Debug;
		};
		7BE1B8F61A135A9A00AFAA63 /* Release */ = {
			isa = XCBuildConfiguration;
			buildSettings = {
				ASSETCATALOG_COMPILER_APPICON_NAME = AppIcon;
				ASSETCATALOG_COMPILER_LAUNCHIMAGE_NAME = LaunchImage;
				FRAMEWORK_SEARCH_PATHS = (
					"$(inherited)",
					"$(PROJECT_DIR)/NuweScoreDemoApp/Frameworks",
				);
				INFOPLIST_FILE = NuweScoreDemoApp/Info.plist;
				IPHONEOS_DEPLOYMENT_TARGET = 7.0;
				LD_RUNPATH_SEARCH_PATHS = "$(inherited) @executable_path/Frameworks";
				OTHER_LDFLAGS = "-ObjC";
				PRODUCT_NAME = "$(TARGET_NAME)";
			};
			name = Release;
		};
		7BE1B8F81A135A9A00AFAA63 /* Debug */ = {
			isa = XCBuildConfiguration;
			buildSettings = {
				BUNDLE_LOADER = "$(TEST_HOST)";
				FRAMEWORK_SEARCH_PATHS = (
					"$(SDKROOT)/Developer/Library/Frameworks",
					"$(inherited)",
				);
				GCC_PREPROCESSOR_DEFINITIONS = (
					"DEBUG=1",
					"$(inherited)",
				);
				INFOPLIST_FILE = NuweScoreDemoAppTests/Info.plist;
				LD_RUNPATH_SEARCH_PATHS = "$(inherited) @executable_path/Frameworks @loader_path/Frameworks";
				PRODUCT_NAME = "$(TARGET_NAME)";
				TEST_HOST = "$(BUILT_PRODUCTS_DIR)/NuweScoreDemoApp.app/NuweScoreDemoApp";
			};
			name = Debug;
		};
		7BE1B8F91A135A9A00AFAA63 /* Release */ = {
			isa = XCBuildConfiguration;
			buildSettings = {
				BUNDLE_LOADER = "$(TEST_HOST)";
				FRAMEWORK_SEARCH_PATHS = (
					"$(SDKROOT)/Developer/Library/Frameworks",
					"$(inherited)",
				);
				INFOPLIST_FILE = NuweScoreDemoAppTests/Info.plist;
				LD_RUNPATH_SEARCH_PATHS = "$(inherited) @executable_path/Frameworks @loader_path/Frameworks";
				PRODUCT_NAME = "$(TARGET_NAME)";
				TEST_HOST = "$(BUILT_PRODUCTS_DIR)/NuweScoreDemoApp.app/NuweScoreDemoApp";
			};
			name = Release;
		};
/* End XCBuildConfiguration section */

/* Begin XCConfigurationList section */
		7BE1B8CC1A135A9900AFAA63 /* Build configuration list for PBXProject "NuweScoreDemoApp" */ = {
			isa = XCConfigurationList;
			buildConfigurations = (
				7BE1B8F21A135A9A00AFAA63 /* Debug */,
				7BE1B8F31A135A9A00AFAA63 /* Release */,
			);
			defaultConfigurationIsVisible = 0;
			defaultConfigurationName = Release;
		};
		7BE1B8F41A135A9A00AFAA63 /* Build configuration list for PBXNativeTarget "NuweScoreDemoApp" */ = {
			isa = XCConfigurationList;
			buildConfigurations = (
				7BE1B8F51A135A9A00AFAA63 /* Debug */,
				7BE1B8F61A135A9A00AFAA63 /* Release */,
			);
			defaultConfigurationIsVisible = 0;
			defaultConfigurationName = Release;
		};
		7BE1B8F71A135A9A00AFAA63 /* Build configuration list for PBXNativeTarget "NuweScoreDemoAppTests" */ = {
			isa = XCConfigurationList;
			buildConfigurations = (
				7BE1B8F81A135A9A00AFAA63 /* Debug */,
				7BE1B8F91A135A9A00AFAA63 /* Release */,
			);
			defaultConfigurationIsVisible = 0;
			defaultConfigurationName = Release;
		};
/* End XCConfigurationList section */
	};
	rootObject = 7BE1B8C91A135A9900AFAA63 /* Project object */;
}
