// !$*UTF8*$!
{
	archiveVersion = 1;
	classes = {
	};
	objectVersion = 46;
	objects = {

/* Begin PBXBuildFile section */
		091A63951A024824008CA6BE /* NuweScoreChart.framework in Frameworks */ = {isa = PBXBuildFile; fileRef = 0993FD101A006AEF00452D42 /* NuweScoreChart.framework */; };
		09B09EAA19F25FF6000DEC3B /* CoreFoundation.framework in Frameworks */ = {isa = PBXBuildFile; fileRef = 09B09EA919F25FF6000DEC3B /* CoreFoundation.framework */; };
		09B09EAC19F25FFD000DEC3B /* UIKit.framework in Frameworks */ = {isa = PBXBuildFile; fileRef = 09B09EAB19F25FFD000DEC3B /* UIKit.framework */; };
		09B09EAE19F26014000DEC3B /* Foundation.framework in Frameworks */ = {isa = PBXBuildFile; fileRef = 09B09EAD19F26014000DEC3B /* Foundation.framework */; };
		09B09EB019F260A2000DEC3B /* CoreGraphics.framework in Frameworks */ = {isa = PBXBuildFile; fileRef = 09B09EAF19F260A2000DEC3B /* CoreGraphics.framework */; };
		09B09EB219F260C9000DEC3B /* libc++.dylib in Frameworks */ = {isa = PBXBuildFile; fileRef = 09B09EB119F260C9000DEC3B /* libc++.dylib */; };
		09D66AD519ECB21A0012FE77 /* main.m in Sources */ = {isa = PBXBuildFile; fileRef = 09D66AD419ECB21A0012FE77 /* main.m */; };
		09D66AD819ECB21A0012FE77 /* AppDelegate.m in Sources */ = {isa = PBXBuildFile; fileRef = 09D66AD719ECB21A0012FE77 /* AppDelegate.m */; };
		09D66ADB19ECB21A0012FE77 /* ViewController.m in Sources */ = {isa = PBXBuildFile; fileRef = 09D66ADA19ECB21A0012FE77 /* ViewController.m */; };
		09D66ADE19ECB21A0012FE77 /* Main.storyboard in Resources */ = {isa = PBXBuildFile; fileRef = 09D66ADC19ECB21A0012FE77 /* Main.storyboard */; };
		09D66AE019ECB21A0012FE77 /* Images.xcassets in Resources */ = {isa = PBXBuildFile; fileRef = 09D66ADF19ECB21A0012FE77 /* Images.xcassets */; };
		09D66AE319ECB21A0012FE77 /* LaunchScreen.xib in Resources */ = {isa = PBXBuildFile; fileRef = 09D66AE119ECB21A0012FE77 /* LaunchScreen.xib */; };
		09D66AEF19ECB21A0012FE77 /* TestNuweScoreFrameworkTests.m in Sources */ = {isa = PBXBuildFile; fileRef = 09D66AEE19ECB21A0012FE77 /* TestNuweScoreFrameworkTests.m */; };
/* End PBXBuildFile section */

/* Begin PBXContainerItemProxy section */
		0993FD0F1A006AEF00452D42 /* PBXContainerItemProxy */ = {
			isa = PBXContainerItemProxy;
			containerPortal = 0993FD091A006AEE00452D42 /* NuweScoreFramework.xcodeproj */;
			proxyType = 2;
			remoteGlobalIDString = 09D66B0219ECB24B0012FE77;
			remoteInfo = NuweScoreFramework;
		};
		0993FD111A006AEF00452D42 /* PBXContainerItemProxy */ = {
			isa = PBXContainerItemProxy;
			containerPortal = 0993FD091A006AEE00452D42 /* NuweScoreFramework.xcodeproj */;
			proxyType = 2;
			remoteGlobalIDString = 09D66B0D19ECB24B0012FE77;
			remoteInfo = NuweScoreFrameworkTests;
		};
		09D66AE919ECB21A0012FE77 /* PBXContainerItemProxy */ = {
			isa = PBXContainerItemProxy;
			containerPortal = 09D66AC719ECB21A0012FE77 /* Project object */;
			proxyType = 1;
			remoteGlobalIDString = 09D66ACE19ECB21A0012FE77;
			remoteInfo = TestNuweScoreFramework;
		};
/* End PBXContainerItemProxy section */

/* Begin PBXFileReference section */
		0993FD091A006AEE00452D42 /* NuweScoreFramework.xcodeproj */ = {isa = PBXFileReference; lastKnownFileType = "wrapper.pb-project"; name = NuweScoreFramework.xcodeproj; path = ../NuweScoreFramework/NuweScoreFramework.xcodeproj; sourceTree = "<group>"; };
		09B09EA919F25FF6000DEC3B /* CoreFoundation.framework */ = {isa = PBXFileReference; lastKnownFileType = wrapper.framework; name = CoreFoundation.framework; path = System/Library/Frameworks/CoreFoundation.framework; sourceTree = SDKROOT; };
		09B09EAB19F25FFD000DEC3B /* UIKit.framework */ = {isa = PBXFileReference; lastKnownFileType = wrapper.framework; name = UIKit.framework; path = System/Library/Frameworks/UIKit.framework; sourceTree = SDKROOT; };
		09B09EAD19F26014000DEC3B /* Foundation.framework */ = {isa = PBXFileReference; lastKnownFileType = wrapper.framework; name = Foundation.framework; path = System/Library/Frameworks/Foundation.framework; sourceTree = SDKROOT; };
		09B09EAF19F260A2000DEC3B /* CoreGraphics.framework */ = {isa = PBXFileReference; lastKnownFileType = wrapper.framework; name = CoreGraphics.framework; path = System/Library/Frameworks/CoreGraphics.framework; sourceTree = SDKROOT; };
		09B09EB119F260C9000DEC3B /* libc++.dylib */ = {isa = PBXFileReference; lastKnownFileType = "compiled.mach-o.dylib"; name = "libc++.dylib"; path = "usr/lib/libc++.dylib"; sourceTree = SDKROOT; };
		09D66ACF19ECB21A0012FE77 /* TestNuweScoreFramework.app */ = {isa = PBXFileReference; explicitFileType = wrapper.application; includeInIndex = 0; path = TestNuweScoreFramework.app; sourceTree = BUILT_PRODUCTS_DIR; };
		09D66AD319ECB21A0012FE77 /* Info.plist */ = {isa = PBXFileReference; lastKnownFileType = text.plist.xml; path = Info.plist; sourceTree = "<group>"; };
		09D66AD419ECB21A0012FE77 /* main.m */ = {isa = PBXFileReference; lastKnownFileType = sourcecode.c.objc; path = main.m; sourceTree = "<group>"; };
		09D66AD619ECB21A0012FE77 /* AppDelegate.h */ = {isa = PBXFileReference; lastKnownFileType = sourcecode.c.h; path = AppDelegate.h; sourceTree = "<group>"; };
		09D66AD719ECB21A0012FE77 /* AppDelegate.m */ = {isa = PBXFileReference; lastKnownFileType = sourcecode.c.objc; path = AppDelegate.m; sourceTree = "<group>"; };
		09D66AD919ECB21A0012FE77 /* ViewController.h */ = {isa = PBXFileReference; lastKnownFileType = sourcecode.c.h; path = ViewController.h; sourceTree = "<group>"; };
		09D66ADA19ECB21A0012FE77 /* ViewController.m */ = {isa = PBXFileReference; lastKnownFileType = sourcecode.c.objc; path = ViewController.m; sourceTree = "<group>"; };
		09D66ADD19ECB21A0012FE77 /* Base */ = {isa = PBXFileReference; lastKnownFileType = file.storyboard; name = Base; path = Base.lproj/Main.storyboard; sourceTree = "<group>"; };
		09D66ADF19ECB21A0012FE77 /* Images.xcassets */ = {isa = PBXFileReference; lastKnownFileType = folder.assetcatalog; path = Images.xcassets; sourceTree = "<group>"; };
		09D66AE219ECB21A0012FE77 /* Base */ = {isa = PBXFileReference; lastKnownFileType = file.xib; name = Base; path = Base.lproj/LaunchScreen.xib; sourceTree = "<group>"; };
		09D66AE819ECB21A0012FE77 /* TestNuweScoreFrameworkTests.xctest */ = {isa = PBXFileReference; explicitFileType = wrapper.cfbundle; includeInIndex = 0; path = TestNuweScoreFrameworkTests.xctest; sourceTree = BUILT_PRODUCTS_DIR; };
		09D66AED19ECB21A0012FE77 /* Info.plist */ = {isa = PBXFileReference; lastKnownFileType = text.plist.xml; path = Info.plist; sourceTree = "<group>"; };
		09D66AEE19ECB21A0012FE77 /* TestNuweScoreFrameworkTests.m */ = {isa = PBXFileReference; lastKnownFileType = sourcecode.c.objc; path = TestNuweScoreFrameworkTests.m; sourceTree = "<group>"; };
/* End PBXFileReference section */

/* Begin PBXFrameworksBuildPhase section */
		09D66ACC19ECB21A0012FE77 /* Frameworks */ = {
			isa = PBXFrameworksBuildPhase;
			buildActionMask = 2147483647;
			files = (
				091A63951A024824008CA6BE /* NuweScoreChart.framework in Frameworks */,
				09B09EB219F260C9000DEC3B /* libc++.dylib in Frameworks */,
				09B09EB019F260A2000DEC3B /* CoreGraphics.framework in Frameworks */,
				09B09EAE19F26014000DEC3B /* Foundation.framework in Frameworks */,
				09B09EAC19F25FFD000DEC3B /* UIKit.framework in Frameworks */,
				09B09EAA19F25FF6000DEC3B /* CoreFoundation.framework in Frameworks */,
			);
			runOnlyForDeploymentPostprocessing = 0;
		};
		09D66AE519ECB21A0012FE77 /* Frameworks */ = {
			isa = PBXFrameworksBuildPhase;
			buildActionMask = 2147483647;
			files = (
			);
			runOnlyForDeploymentPostprocessing = 0;
		};
/* End PBXFrameworksBuildPhase section */

/* Begin PBXGroup section */
		0993FD0A1A006AEE00452D42 /* Products */ = {
			isa = PBXGroup;
			children = (
				0993FD101A006AEF00452D42 /* NuweScoreChart.framework */,
				0993FD121A006AEF00452D42 /* NuweScoreFrameworkTests.xctest */,
			);
			name = Products;
			sourceTree = "<group>";
		};
		09D66AC619ECB21A0012FE77 = {
			isa = PBXGroup;
			children = (
				0993FD091A006AEE00452D42 /* NuweScoreFramework.xcodeproj */,
				09B09EB119F260C9000DEC3B /* libc++.dylib */,
				09B09EAF19F260A2000DEC3B /* CoreGraphics.framework */,
				09B09EAD19F26014000DEC3B /* Foundation.framework */,
				09B09EAB19F25FFD000DEC3B /* UIKit.framework */,
				09B09EA919F25FF6000DEC3B /* CoreFoundation.framework */,
				09D66AD119ECB21A0012FE77 /* TestNuweScoreFramework */,
				09D66AEB19ECB21A0012FE77 /* TestNuweScoreFrameworkTests */,
				09D66AD019ECB21A0012FE77 /* Products */,
			);
			sourceTree = "<group>";
		};
		09D66AD019ECB21A0012FE77 /* Products */ = {
			isa = PBXGroup;
			children = (
				09D66ACF19ECB21A0012FE77 /* TestNuweScoreFramework.app */,
				09D66AE819ECB21A0012FE77 /* TestNuweScoreFrameworkTests.xctest */,
			);
			name = Products;
			sourceTree = "<group>";
		};
		09D66AD119ECB21A0012FE77 /* TestNuweScoreFramework */ = {
			isa = PBXGroup;
			children = (
				09D66AD619ECB21A0012FE77 /* AppDelegate.h */,
				09D66AD719ECB21A0012FE77 /* AppDelegate.m */,
				09D66AD919ECB21A0012FE77 /* ViewController.h */,
				09D66ADA19ECB21A0012FE77 /* ViewController.m */,
				09D66ADC19ECB21A0012FE77 /* Main.storyboard */,
				09D66ADF19ECB21A0012FE77 /* Images.xcassets */,
				09D66AE119ECB21A0012FE77 /* LaunchScreen.xib */,
				09D66AD219ECB21A0012FE77 /* Supporting Files */,
			);
			path = TestNuweScoreFramework;
			sourceTree = "<group>";
		};
		09D66AD219ECB21A0012FE77 /* Supporting Files */ = {
			isa = PBXGroup;
			children = (
				09D66AD319ECB21A0012FE77 /* Info.plist */,
				09D66AD419ECB21A0012FE77 /* main.m */,
			);
			name = "Supporting Files";
			sourceTree = "<group>";
		};
		09D66AEB19ECB21A0012FE77 /* TestNuweScoreFrameworkTests */ = {
			isa = PBXGroup;
			children = (
				09D66AEE19ECB21A0012FE77 /* TestNuweScoreFrameworkTests.m */,
				09D66AEC19ECB21A0012FE77 /* Supporting Files */,
			);
			path = TestNuweScoreFrameworkTests;
			sourceTree = "<group>";
		};
		09D66AEC19ECB21A0012FE77 /* Supporting Files */ = {
			isa = PBXGroup;
			children = (
				09D66AED19ECB21A0012FE77 /* Info.plist */,
			);
			name = "Supporting Files";
			sourceTree = "<group>";
		};
/* End PBXGroup section */

/* Begin PBXNativeTarget section */
		09D66ACE19ECB21A0012FE77 /* TestNuweScoreFramework */ = {
			isa = PBXNativeTarget;
			buildConfigurationList = 09D66AF219ECB21A0012FE77 /* Build configuration list for PBXNativeTarget "TestNuweScoreFramework" */;
			buildPhases = (
				09D66ACB19ECB21A0012FE77 /* Sources */,
				09D66ACC19ECB21A0012FE77 /* Frameworks */,
				09D66ACD19ECB21A0012FE77 /* Resources */,
			);
			buildRules = (
			);
			dependencies = (
			);
			name = TestNuweScoreFramework;
			productName = TestNuweScoreFramework;
			productReference = 09D66ACF19ECB21A0012FE77 /* TestNuweScoreFramework.app */;
			productType = "com.apple.product-type.application";
		};
		09D66AE719ECB21A0012FE77 /* TestNuweScoreFrameworkTests */ = {
			isa = PBXNativeTarget;
			buildConfigurationList = 09D66AF519ECB21A0012FE77 /* Build configuration list for PBXNativeTarget "TestNuweScoreFrameworkTests" */;
			buildPhases = (
				09D66AE419ECB21A0012FE77 /* Sources */,
				09D66AE519ECB21A0012FE77 /* Frameworks */,
				09D66AE619ECB21A0012FE77 /* Resources */,
			);
			buildRules = (
			);
			dependencies = (
				09D66AEA19ECB21A0012FE77 /* PBXTargetDependency */,
			);
			name = TestNuweScoreFrameworkTests;
			productName = TestNuweScoreFrameworkTests;
			productReference = 09D66AE819ECB21A0012FE77 /* TestNuweScoreFrameworkTests.xctest */;
			productType = "com.apple.product-type.bundle.unit-test";
		};
/* End PBXNativeTarget section */

/* Begin PBXProject section */
		09D66AC719ECB21A0012FE77 /* Project object */ = {
			isa = PBXProject;
			attributes = {
				LastUpgradeCheck = 0600;
				ORGANIZATIONNAME = "Dimitar Plamenov";
				TargetAttributes = {
					09D66ACE19ECB21A0012FE77 = {
						CreatedOnToolsVersion = 6.0;
					};
					09D66AE719ECB21A0012FE77 = {
						CreatedOnToolsVersion = 6.0;
						TestTargetID = 09D66ACE19ECB21A0012FE77;
					};
				};
			};
			buildConfigurationList = 09D66ACA19ECB21A0012FE77 /* Build configuration list for PBXProject "TestNuweScoreFramework" */;
			compatibilityVersion = "Xcode 3.2";
			developmentRegion = English;
			hasScannedForEncodings = 0;
			knownRegions = (
				en,
				Base,
			);
			mainGroup = 09D66AC619ECB21A0012FE77;
			productRefGroup = 09D66AD019ECB21A0012FE77 /* Products */;
			projectDirPath = "";
			projectReferences = (
				{
					ProductGroup = 0993FD0A1A006AEE00452D42 /* Products */;
					ProjectRef = 0993FD091A006AEE00452D42 /* NuweScoreFramework.xcodeproj */;
				},
			);
			projectRoot = "";
			targets = (
				09D66ACE19ECB21A0012FE77 /* TestNuweScoreFramework */,
				09D66AE719ECB21A0012FE77 /* TestNuweScoreFrameworkTests */,
			);
		};
/* End PBXProject section */

/* Begin PBXReferenceProxy section */
		0993FD101A006AEF00452D42 /* NuweScoreChart.framework */ = {
			isa = PBXReferenceProxy;
			fileType = wrapper.framework;
			path = NuweScoreChart.framework;
			remoteRef = 0993FD0F1A006AEF00452D42 /* PBXContainerItemProxy */;
			sourceTree = BUILT_PRODUCTS_DIR;
		};
		0993FD121A006AEF00452D42 /* NuweScoreFrameworkTests.xctest */ = {
			isa = PBXReferenceProxy;
			fileType = wrapper.cfbundle;
			path = NuweScoreFrameworkTests.xctest;
			remoteRef = 0993FD111A006AEF00452D42 /* PBXContainerItemProxy */;
			sourceTree = BUILT_PRODUCTS_DIR;
		};
/* End PBXReferenceProxy section */

/* Begin PBXResourcesBuildPhase section */
		09D66ACD19ECB21A0012FE77 /* Resources */ = {
			isa = PBXResourcesBuildPhase;
			buildActionMask = 2147483647;
			files = (
				09D66ADE19ECB21A0012FE77 /* Main.storyboard in Resources */,
				09D66AE319ECB21A0012FE77 /* LaunchScreen.xib in Resources */,
				09D66AE019ECB21A0012FE77 /* Images.xcassets in Resources */,
			);
			runOnlyForDeploymentPostprocessing = 0;
		};
		09D66AE619ECB21A0012FE77 /* Resources */ = {
			isa = PBXResourcesBuildPhase;
			buildActionMask = 2147483647;
			files = (
			);
			runOnlyForDeploymentPostprocessing = 0;
		};
/* End PBXResourcesBuildPhase section */

/* Begin PBXSourcesBuildPhase section */
		09D66ACB19ECB21A0012FE77 /* Sources */ = {
			isa = PBXSourcesBuildPhase;
			buildActionMask = 2147483647;
			files = (
				09D66ADB19ECB21A0012FE77 /* ViewController.m in Sources */,
				09D66AD819ECB21A0012FE77 /* AppDelegate.m in Sources */,
				09D66AD519ECB21A0012FE77 /* main.m in Sources */,
			);
			runOnlyForDeploymentPostprocessing = 0;
		};
		09D66AE419ECB21A0012FE77 /* Sources */ = {
			isa = PBXSourcesBuildPhase;
			buildActionMask = 2147483647;
			files = (
				09D66AEF19ECB21A0012FE77 /* TestNuweScoreFrameworkTests.m in Sources */,
			);
			runOnlyForDeploymentPostprocessing = 0;
		};
/* End PBXSourcesBuildPhase section */

/* Begin PBXTargetDependency section */
		09D66AEA19ECB21A0012FE77 /* PBXTargetDependency */ = {
			isa = PBXTargetDependency;
			target = 09D66ACE19ECB21A0012FE77 /* TestNuweScoreFramework */;
			targetProxy = 09D66AE919ECB21A0012FE77 /* PBXContainerItemProxy */;
		};
/* End PBXTargetDependency section */

/* Begin PBXVariantGroup section */
		09D66ADC19ECB21A0012FE77 /* Main.storyboard */ = {
			isa = PBXVariantGroup;
			children = (
				09D66ADD19ECB21A0012FE77 /* Base */,
			);
			name = Main.storyboard;
			sourceTree = "<group>";
		};
		09D66AE119ECB21A0012FE77 /* LaunchScreen.xib */ = {
			isa = PBXVariantGroup;
			children = (
				09D66AE219ECB21A0012FE77 /* Base */,
			);
			name = LaunchScreen.xib;
			sourceTree = "<group>";
		};
/* End PBXVariantGroup section */

/* Begin XCBuildConfiguration section */
		09D66AF019ECB21A0012FE77 /* Debug */ = {
			isa = XCBuildConfiguration;
			buildSettings = {
				ALWAYS_SEARCH_USER_PATHS = NO;
				CLANG_CXX_LANGUAGE_STANDARD = "gnu++0x";
				CLANG_CXX_LIBRARY = "libc++";
				CLANG_ENABLE_MODULES = YES;
				CLANG_ENABLE_OBJC_ARC = YES;
				CLANG_WARN_BOOL_CONVERSION = YES;
				CLANG_WARN_CONSTANT_CONVERSION = YES;
				CLANG_WARN_DIRECT_OBJC_ISA_USAGE = YES_ERROR;
				CLANG_WARN_EMPTY_BODY = YES;
				CLANG_WARN_ENUM_CONVERSION = YES;
				CLANG_WARN_INT_CONVERSION = YES;
				CLANG_WARN_OBJC_ROOT_CLASS = YES_ERROR;
				CLANG_WARN_UNREACHABLE_CODE = YES;
				CLANG_WARN__DUPLICATE_METHOD_MATCH = YES;
				"CODE_SIGN_IDENTITY[sdk=iphoneos*]" = "iPhone Developer";
				COPY_PHASE_STRIP = NO;
				ENABLE_STRICT_OBJC_MSGSEND = YES;
				GCC_C_LANGUAGE_STANDARD = gnu99;
				GCC_DYNAMIC_NO_PIC = NO;
				GCC_OPTIMIZATION_LEVEL = 0;
				GCC_PREPROCESSOR_DEFINITIONS = (
					"DEBUG=1",
					"$(inherited)",
				);
				GCC_SYMBOLS_PRIVATE_EXTERN = NO;
				GCC_WARN_64_TO_32_BIT_CONVERSION = YES;
				GCC_WARN_ABOUT_RETURN_TYPE = YES_ERROR;
				GCC_WARN_UNDECLARED_SELECTOR = YES;
				GCC_WARN_UNINITIALIZED_AUTOS = YES_AGGRESSIVE;
				GCC_WARN_UNUSED_FUNCTION = YES;
				GCC_WARN_UNUSED_VARIABLE = YES;
				IPHONEOS_DEPLOYMENT_TARGET = 8.0;
				MTL_ENABLE_DEBUG_INFO = YES;
				ONLY_ACTIVE_ARCH = YES;
				SDKROOT = iphoneos;
				TARGETED_DEVICE_FAMILY = "1,2";
			};
			name = Debug;
		};
		09D66AF119ECB21A0012FE77 /* Release */ = {
			isa = XCBuildConfiguration;
			buildSettings = {
				ALWAYS_SEARCH_USER_PATHS = NO;
				CLANG_CXX_LANGUAGE_STANDARD = "gnu++0x";
				CLANG_CXX_LIBRARY = "libc++";
				CLANG_ENABLE_MODULES = YES;
				CLANG_ENABLE_OBJC_ARC = YES;
				CLANG_WARN_BOOL_CONVERSION = YES;
				CLANG_WARN_CONSTANT_CONVERSION = YES;
				CLANG_WARN_DIRECT_OBJC_ISA_USAGE = YES_ERROR;
				CLANG_WARN_EMPTY_BODY = YES;
				CLANG_WARN_ENUM_CONVERSION = YES;
				CLANG_WARN_INT_CONVERSION = YES;
				CLANG_WARN_OBJC_ROOT_CLASS = YES_ERROR;
				CLANG_WARN_UNREACHABLE_CODE = YES;
				CLANG_WARN__DUPLICATE_METHOD_MATCH = YES;
				"CODE_SIGN_IDENTITY[sdk=iphoneos*]" = "iPhone Developer";
				COPY_PHASE_STRIP = YES;
				ENABLE_NS_ASSERTIONS = NO;
				ENABLE_STRICT_OBJC_MSGSEND = YES;
				GCC_C_LANGUAGE_STANDARD = gnu99;
				GCC_WARN_64_TO_32_BIT_CONVERSION = YES;
				GCC_WARN_ABOUT_RETURN_TYPE = YES_ERROR;
				GCC_WARN_UNDECLARED_SELECTOR = YES;
				GCC_WARN_UNINITIALIZED_AUTOS = YES_AGGRESSIVE;
				GCC_WARN_UNUSED_FUNCTION = YES;
				GCC_WARN_UNUSED_VARIABLE = YES;
				IPHONEOS_DEPLOYMENT_TARGET = 8.0;
				MTL_ENABLE_DEBUG_INFO = NO;
				SDKROOT = iphoneos;
				TARGETED_DEVICE_FAMILY = "1,2";
				VALIDATE_PRODUCT = YES;
			};
			name = Release;
		};
		09D66AF319ECB21A0012FE77 /* Debug */ = {
			isa = XCBuildConfiguration;
			buildSettings = {
				ASSETCATALOG_COMPILER_APPICON_NAME = AppIcon;
				FRAMEWORK_SEARCH_PATHS = (
					"$(inherited)",
					"$(PROJECT_DIR)",
				);
				INFOPLIST_FILE = TestNuweScoreFramework/Info.plist;
				IPHONEOS_DEPLOYMENT_TARGET = 7.0;
				LD_RUNPATH_SEARCH_PATHS = "$(inherited) @executable_path/Frameworks";
				PRODUCT_NAME = "$(TARGET_NAME)";
			};
			name = Debug;
		};
		09D66AF419ECB21A0012FE77 /* Release */ = {
			isa = XCBuildConfiguration;
			buildSettings = {
				ASSETCATALOG_COMPILER_APPICON_NAME = AppIcon;
				FRAMEWORK_SEARCH_PATHS = (
					"$(inherited)",
					"$(PROJECT_DIR)",
				);
				INFOPLIST_FILE = TestNuweScoreFramework/Info.plist;
				IPHONEOS_DEPLOYMENT_TARGET = 7.0;
				LD_RUNPATH_SEARCH_PATHS = "$(inherited) @executable_path/Frameworks";
				PRODUCT_NAME = "$(TARGET_NAME)";
			};
			name = Release;
		};
		09D66AF619ECB21A0012FE77 /* Debug */ = {
			isa = XCBuildConfiguration;
			buildSettings = {
				BUNDLE_LOADER = "$(TEST_HOST)";
				FRAMEWORK_SEARCH_PATHS = (
					"$(SDKROOT)/Developer/Library/Frameworks",
					"$(inherited)",
				);
				GCC_PREPROCESSOR_DEFINITIONS = (
					"DEBUG=1",
					"$(inherited)",
				);
				INFOPLIST_FILE = TestNuweScoreFrameworkTests/Info.plist;
				LD_RUNPATH_SEARCH_PATHS = "$(inherited) @executable_path/Frameworks @loader_path/Frameworks";
				PRODUCT_NAME = "$(TARGET_NAME)";
				TEST_HOST = "$(BUILT_PRODUCTS_DIR)/TestNuweScoreFramework.app/TestNuweScoreFramework";
			};
			name = Debug;
		};
		09D66AF719ECB21A0012FE77 /* Release */ = {
			isa = XCBuildConfiguration;
			buildSettings = {
				BUNDLE_LOADER = "$(TEST_HOST)";
				FRAMEWORK_SEARCH_PATHS = (
					"$(SDKROOT)/Developer/Library/Frameworks",
					"$(inherited)",
				);
				INFOPLIST_FILE = TestNuweScoreFrameworkTests/Info.plist;
				LD_RUNPATH_SEARCH_PATHS = "$(inherited) @executable_path/Frameworks @loader_path/Frameworks";
				PRODUCT_NAME = "$(TARGET_NAME)";
				TEST_HOST = "$(BUILT_PRODUCTS_DIR)/TestNuweScoreFramework.app/TestNuweScoreFramework";
			};
			name = Release;
		};
/* End XCBuildConfiguration section */

/* Begin XCConfigurationList section */
		09D66ACA19ECB21A0012FE77 /* Build configuration list for PBXProject "TestNuweScoreFramework" */ = {
			isa = XCConfigurationList;
			buildConfigurations = (
				09D66AF019ECB21A0012FE77 /* Debug */,
				09D66AF119ECB21A0012FE77 /* Release */,
			);
			defaultConfigurationIsVisible = 0;
			defaultConfigurationName = Release;
		};
		09D66AF219ECB21A0012FE77 /* Build configuration list for PBXNativeTarget "TestNuweScoreFramework" */ = {
			isa = XCConfigurationList;
			buildConfigurations = (
				09D66AF319ECB21A0012FE77 /* Debug */,
				09D66AF419ECB21A0012FE77 /* Release */,
			);
			defaultConfigurationIsVisible = 0;
			defaultConfigurationName = Release;
		};
		09D66AF519ECB21A0012FE77 /* Build configuration list for PBXNativeTarget "TestNuweScoreFrameworkTests" */ = {
			isa = XCConfigurationList;
			buildConfigurations = (
				09D66AF619ECB21A0012FE77 /* Debug */,
				09D66AF719ECB21A0012FE77 /* Release */,
			);
			defaultConfigurationIsVisible = 0;
			defaultConfigurationName = Release;
		};
/* End XCConfigurationList section */
	};
	rootObject = 09D66AC719ECB21A0012FE77 /* Project object */;
}
