// !$*UTF8*$!
{
	archiveVersion = 1;
	classes = {
	};
	objectVersion = 46;
	objects = {

/* Begin PBXAggregateTarget section */
		09E780641A00441900DEAF00 /* NuweScore */ = {
			isa = PBXAggregateTarget;
			buildConfigurationList = 09E780651A00441900DEAF00 /* Build configuration list for PBXAggregateTarget "NuweScore" */;
			buildPhases = (
				09E780681A00444000DEAF00 /* CopyFiles */,
				09E7806A1A00446200DEAF00 /* ShellScript */,
			);
			dependencies = (
				09E7806C1A0044BE00DEAF00 /* PBXTargetDependency */,
			);
			name = NuweScore;
			productName = NuweScore;
		};
/* End PBXAggregateTarget section */

/* Begin PBXBuildFile section */
		09471CBF19F0F2FE0060E700 /* NUDialChart.h in Headers */ = {isa = PBXBuildFile; fileRef = 09471CBD19F0F2FE0060E700 /* NUDialChart.h */; settings = {ATTRIBUTES = (Public, ); }; };
		09471CC019F0F2FE0060E700 /* NUDialChart.m in Sources */ = {isa = PBXBuildFile; fileRef = 09471CBE19F0F2FE0060E700 /* NUDialChart.m */; };
		09A65C8819F3D8A5002AFB34 /* XMCircleTypeView.h in Headers */ = {isa = PBXBuildFile; fileRef = 09A65C8619F3D8A5002AFB34 /* XMCircleTypeView.h */; settings = {ATTRIBUTES = (Public, ); }; };
		09A65C8919F3D8A5002AFB34 /* XMCircleTypeView.m in Sources */ = {isa = PBXBuildFile; fileRef = 09A65C8719F3D8A5002AFB34 /* XMCircleTypeView.m */; };
		09A65C8D19F3F045002AFB34 /* NUBarChart.h in Headers */ = {isa = PBXBuildFile; fileRef = 09A65C8B19F3F045002AFB34 /* NUBarChart.h */; settings = {ATTRIBUTES = (Public, ); }; };
		09A65C8E19F3F045002AFB34 /* NUBarChart.m in Sources */ = {isa = PBXBuildFile; fileRef = 09A65C8C19F3F045002AFB34 /* NUBarChart.m */; };
		09D66B0819ECB24B0012FE77 /* NuweScoreFramework.h in Headers */ = {isa = PBXBuildFile; fileRef = 09D66B0719ECB24B0012FE77 /* NuweScoreFramework.h */; settings = {ATTRIBUTES = (Public, ); }; };
		09D66B1219ECB24B0012FE77 /* NuweScoreFrameworkTests.m in Sources */ = {isa = PBXBuildFile; fileRef = 09D66B1119ECB24B0012FE77 /* NuweScoreFrameworkTests.m */; };
		09D66B3D19ED1C550012FE77 /* PNBar.h in Headers */ = {isa = PBXBuildFile; fileRef = 09D66B2819ED1C550012FE77 /* PNBar.h */; settings = {ATTRIBUTES = (Public, ); }; };
		09D66B3E19ED1C550012FE77 /* PNBar.m in Sources */ = {isa = PBXBuildFile; fileRef = 09D66B2919ED1C550012FE77 /* PNBar.m */; };
		09D66B3F19ED1C550012FE77 /* PNBarChart.h in Headers */ = {isa = PBXBuildFile; fileRef = 09D66B2A19ED1C550012FE77 /* PNBarChart.h */; settings = {ATTRIBUTES = (Public, ); }; };
		09D66B4019ED1C550012FE77 /* PNBarChart.m in Sources */ = {isa = PBXBuildFile; fileRef = 09D66B2B19ED1C550012FE77 /* PNBarChart.m */; };
		09D66B4119ED1C550012FE77 /* PNChart.h in Headers */ = {isa = PBXBuildFile; fileRef = 09D66B2C19ED1C550012FE77 /* PNChart.h */; settings = {ATTRIBUTES = (Public, ); }; };
		09D66B4219ED1C550012FE77 /* PNChartDelegate.h in Headers */ = {isa = PBXBuildFile; fileRef = 09D66B2D19ED1C550012FE77 /* PNChartDelegate.h */; settings = {ATTRIBUTES = (Public, ); }; };
		09D66B4319ED1C550012FE77 /* PNChartLabel.h in Headers */ = {isa = PBXBuildFile; fileRef = 09D66B2E19ED1C550012FE77 /* PNChartLabel.h */; settings = {ATTRIBUTES = (Public, ); }; };
		09D66B4419ED1C550012FE77 /* PNChartLabel.m in Sources */ = {isa = PBXBuildFile; fileRef = 09D66B2F19ED1C550012FE77 /* PNChartLabel.m */; };
		09D66B4519ED1C550012FE77 /* PNCircleChart.h in Headers */ = {isa = PBXBuildFile; fileRef = 09D66B3019ED1C550012FE77 /* PNCircleChart.h */; settings = {ATTRIBUTES = (Public, ); }; };
		09D66B4619ED1C550012FE77 /* PNCircleChart.m in Sources */ = {isa = PBXBuildFile; fileRef = 09D66B3119ED1C550012FE77 /* PNCircleChart.m */; };
		09D66B4719ED1C550012FE77 /* PNColor.h in Headers */ = {isa = PBXBuildFile; fileRef = 09D66B3219ED1C550012FE77 /* PNColor.h */; settings = {ATTRIBUTES = (Public, ); }; };
		09D66B4819ED1C550012FE77 /* PNColor.m in Sources */ = {isa = PBXBuildFile; fileRef = 09D66B3319ED1C550012FE77 /* PNColor.m */; };
		09D66B4919ED1C550012FE77 /* PNLineChart.h in Headers */ = {isa = PBXBuildFile; fileRef = 09D66B3419ED1C550012FE77 /* PNLineChart.h */; settings = {ATTRIBUTES = (Public, ); }; };
		09D66B4A19ED1C550012FE77 /* PNLineChart.m in Sources */ = {isa = PBXBuildFile; fileRef = 09D66B3519ED1C550012FE77 /* PNLineChart.m */; };
		09D66B4B19ED1C550012FE77 /* PNLineChartData.h in Headers */ = {isa = PBXBuildFile; fileRef = 09D66B3619ED1C550012FE77 /* PNLineChartData.h */; settings = {ATTRIBUTES = (Public, ); }; };
		09D66B4C19ED1C550012FE77 /* PNLineChartData.m in Sources */ = {isa = PBXBuildFile; fileRef = 09D66B3719ED1C550012FE77 /* PNLineChartData.m */; };
		09D66B4D19ED1C550012FE77 /* PNLineChartDataItem.h in Headers */ = {isa = PBXBuildFile; fileRef = 09D66B3819ED1C550012FE77 /* PNLineChartDataItem.h */; settings = {ATTRIBUTES = (Public, ); }; };
		09D66B4E19ED1C550012FE77 /* PNLineChartDataItem.m in Sources */ = {isa = PBXBuildFile; fileRef = 09D66B3919ED1C550012FE77 /* PNLineChartDataItem.m */; };
		09D66B4F19ED1C550012FE77 /* UICountingLabel.h in Headers */ = {isa = PBXBuildFile; fileRef = 09D66B3B19ED1C550012FE77 /* UICountingLabel.h */; settings = {ATTRIBUTES = (Public, ); }; };
		09D66B5019ED1C550012FE77 /* UICountingLabel.m in Sources */ = {isa = PBXBuildFile; fileRef = 09D66B3C19ED1C550012FE77 /* UICountingLabel.m */; };
		09D66B5219EDE6DE0012FE77 /* Define.h in Headers */ = {isa = PBXBuildFile; fileRef = 09D66B5119EDE6DE0012FE77 /* Define.h */; settings = {ATTRIBUTES = (Public, ); }; };
		09E780691A00445700DEAF00 /* NuweScoreFramework.h in CopyFiles */ = {isa = PBXBuildFile; fileRef = 09D66B0719ECB24B0012FE77 /* NuweScoreFramework.h */; };
/* End PBXBuildFile section */

/* Begin PBXContainerItemProxy section */
		09E7806B1A0044BE00DEAF00 /* PBXContainerItemProxy */ = {
			isa = PBXContainerItemProxy;
			containerPortal = 09D66AF919ECB24A0012FE77 /* Project object */;
			proxyType = 1;
			remoteGlobalIDString = 09D66B0119ECB24B0012FE77;
			remoteInfo = NuweScoreFramework;
		};
/* End PBXContainerItemProxy section */

/* Begin PBXCopyFilesBuildPhase section */
		09E780681A00444000DEAF00 /* CopyFiles */ = {
			isa = PBXCopyFilesBuildPhase;
			buildActionMask = 2147483647;
			dstPath = "";
			dstSubfolderSpec = 7;
			files = (
				09E780691A00445700DEAF00 /* NuweScoreFramework.h in CopyFiles */,
			);
			runOnlyForDeploymentPostprocessing = 0;
		};
/* End PBXCopyFilesBuildPhase section */

/* Begin PBXFileReference section */
		09471CBD19F0F2FE0060E700 /* NUDialChart.h */ = {isa = PBXFileReference; fileEncoding = 4; lastKnownFileType = sourcecode.c.h; name = NUDialChart.h; path = NuweScoreFramework/NUChart/NUDialChart.h; sourceTree = "<group>"; };
		09471CBE19F0F2FE0060E700 /* NUDialChart.m */ = {isa = PBXFileReference; fileEncoding = 4; lastKnownFileType = sourcecode.c.objc; name = NUDialChart.m; path = NuweScoreFramework/NUChart/NUDialChart.m; sourceTree = "<group>"; };
		09A65C8619F3D8A5002AFB34 /* XMCircleTypeView.h */ = {isa = PBXFileReference; fileEncoding = 4; lastKnownFileType = sourcecode.c.h; path = XMCircleTypeView.h; sourceTree = "<group>"; };
		09A65C8719F3D8A5002AFB34 /* XMCircleTypeView.m */ = {isa = PBXFileReference; fileEncoding = 4; lastKnownFileType = sourcecode.c.objc; path = XMCircleTypeView.m; sourceTree = "<group>"; };
		09A65C8B19F3F045002AFB34 /* NUBarChart.h */ = {isa = PBXFileReference; fileEncoding = 4; lastKnownFileType = sourcecode.c.h; name = NUBarChart.h; path = NuweScoreFramework/NUChart/NUBarChart.h; sourceTree = "<group>"; };
		09A65C8C19F3F045002AFB34 /* NUBarChart.m */ = {isa = PBXFileReference; fileEncoding = 4; lastKnownFileType = sourcecode.c.objc; name = NUBarChart.m; path = NuweScoreFramework/NUChart/NUBarChart.m; sourceTree = "<group>"; };
		09D66B0219ECB24B0012FE77 /* NuweScoreChart.framework */ = {isa = PBXFileReference; explicitFileType = wrapper.framework; includeInIndex = 0; path = NuweScoreChart.framework; sourceTree = BUILT_PRODUCTS_DIR; };
		09D66B0619ECB24B0012FE77 /* Info.plist */ = {isa = PBXFileReference; lastKnownFileType = text.plist.xml; path = Info.plist; sourceTree = "<group>"; };
		09D66B0719ECB24B0012FE77 /* NuweScoreFramework.h */ = {isa = PBXFileReference; lastKnownFileType = sourcecode.c.h; path = NuweScoreFramework.h; sourceTree = "<group>"; };
		09D66B0D19ECB24B0012FE77 /* NuweScoreFrameworkTests.xctest */ = {isa = PBXFileReference; explicitFileType = wrapper.cfbundle; includeInIndex = 0; path = NuweScoreFrameworkTests.xctest; sourceTree = BUILT_PRODUCTS_DIR; };
		09D66B1019ECB24B0012FE77 /* Info.plist */ = {isa = PBXFileReference; lastKnownFileType = text.plist.xml; path = Info.plist; sourceTree = "<group>"; };
		09D66B1119ECB24B0012FE77 /* NuweScoreFrameworkTests.m */ = {isa = PBXFileReference; lastKnownFileType = sourcecode.c.objc; path = NuweScoreFrameworkTests.m; sourceTree = "<group>"; };
		09D66B2819ED1C550012FE77 /* PNBar.h */ = {isa = PBXFileReference; fileEncoding = 4; lastKnownFileType = sourcecode.c.h; path = PNBar.h; sourceTree = "<group>"; };
		09D66B2919ED1C550012FE77 /* PNBar.m */ = {isa = PBXFileReference; fileEncoding = 4; lastKnownFileType = sourcecode.c.objc; path = PNBar.m; sourceTree = "<group>"; };
		09D66B2A19ED1C550012FE77 /* PNBarChart.h */ = {isa = PBXFileReference; fileEncoding = 4; lastKnownFileType = sourcecode.c.h; path = PNBarChart.h; sourceTree = "<group>"; };
		09D66B2B19ED1C550012FE77 /* PNBarChart.m */ = {isa = PBXFileReference; fileEncoding = 4; lastKnownFileType = sourcecode.c.objc; path = PNBarChart.m; sourceTree = "<group>"; };
		09D66B2C19ED1C550012FE77 /* PNChart.h */ = {isa = PBXFileReference; fileEncoding = 4; lastKnownFileType = sourcecode.c.h; path = PNChart.h; sourceTree = "<group>"; };
		09D66B2D19ED1C550012FE77 /* PNChartDelegate.h */ = {isa = PBXFileReference; fileEncoding = 4; lastKnownFileType = sourcecode.c.h; path = PNChartDelegate.h; sourceTree = "<group>"; };
		09D66B2E19ED1C550012FE77 /* PNChartLabel.h */ = {isa = PBXFileReference; fileEncoding = 4; lastKnownFileType = sourcecode.c.h; path = PNChartLabel.h; sourceTree = "<group>"; };
		09D66B2F19ED1C550012FE77 /* PNChartLabel.m */ = {isa = PBXFileReference; fileEncoding = 4; lastKnownFileType = sourcecode.c.objc; path = PNChartLabel.m; sourceTree = "<group>"; };
		09D66B3019ED1C550012FE77 /* PNCircleChart.h */ = {isa = PBXFileReference; fileEncoding = 4; lastKnownFileType = sourcecode.c.h; path = PNCircleChart.h; sourceTree = "<group>"; };
		09D66B3119ED1C550012FE77 /* PNCircleChart.m */ = {isa = PBXFileReference; fileEncoding = 4; lastKnownFileType = sourcecode.c.objc; path = PNCircleChart.m; sourceTree = "<group>"; };
		09D66B3219ED1C550012FE77 /* PNColor.h */ = {isa = PBXFileReference; fileEncoding = 4; lastKnownFileType = sourcecode.c.h; path = PNColor.h; sourceTree = "<group>"; };
		09D66B3319ED1C550012FE77 /* PNColor.m */ = {isa = PBXFileReference; fileEncoding = 4; lastKnownFileType = sourcecode.c.objc; path = PNColor.m; sourceTree = "<group>"; };
		09D66B3419ED1C550012FE77 /* PNLineChart.h */ = {isa = PBXFileReference; fileEncoding = 4; lastKnownFileType = sourcecode.c.h; path = PNLineChart.h; sourceTree = "<group>"; };
		09D66B3519ED1C550012FE77 /* PNLineChart.m */ = {isa = PBXFileReference; fileEncoding = 4; lastKnownFileType = sourcecode.c.objc; path = PNLineChart.m; sourceTree = "<group>"; };
		09D66B3619ED1C550012FE77 /* PNLineChartData.h */ = {isa = PBXFileReference; fileEncoding = 4; lastKnownFileType = sourcecode.c.h; path = PNLineChartData.h; sourceTree = "<group>"; };
		09D66B3719ED1C550012FE77 /* PNLineChartData.m */ = {isa = PBXFileReference; fileEncoding = 4; lastKnownFileType = sourcecode.c.objc; path = PNLineChartData.m; sourceTree = "<group>"; };
		09D66B3819ED1C550012FE77 /* PNLineChartDataItem.h */ = {isa = PBXFileReference; fileEncoding = 4; lastKnownFileType = sourcecode.c.h; path = PNLineChartDataItem.h; sourceTree = "<group>"; };
		09D66B3919ED1C550012FE77 /* PNLineChartDataItem.m */ = {isa = PBXFileReference; fileEncoding = 4; lastKnownFileType = sourcecode.c.objc; path = PNLineChartDataItem.m; sourceTree = "<group>"; };
		09D66B3B19ED1C550012FE77 /* UICountingLabel.h */ = {isa = PBXFileReference; fileEncoding = 4; lastKnownFileType = sourcecode.c.h; path = UICountingLabel.h; sourceTree = "<group>"; };
		09D66B3C19ED1C550012FE77 /* UICountingLabel.m */ = {isa = PBXFileReference; fileEncoding = 4; lastKnownFileType = sourcecode.c.objc; path = UICountingLabel.m; sourceTree = "<group>"; };
		09D66B5119EDE6DE0012FE77 /* Define.h */ = {isa = PBXFileReference; fileEncoding = 4; lastKnownFileType = sourcecode.c.h; path = Define.h; sourceTree = "<group>"; };
/* End PBXFileReference section */

/* Begin PBXFrameworksBuildPhase section */
		09D66AFE19ECB24B0012FE77 /* Frameworks */ = {
			isa = PBXFrameworksBuildPhase;
			buildActionMask = 2147483647;
			files = (
			);
			runOnlyForDeploymentPostprocessing = 0;
		};
		09D66B0A19ECB24B0012FE77 /* Frameworks */ = {
			isa = PBXFrameworksBuildPhase;
			buildActionMask = 2147483647;
			files = (
			);
			runOnlyForDeploymentPostprocessing = 0;
		};
/* End PBXFrameworksBuildPhase section */

/* Begin PBXGroup section */
		09471CBC19F0F2A50060E700 /* NUChart */ = {
			isa = PBXGroup;
			children = (
				09471CBD19F0F2FE0060E700 /* NUDialChart.h */,
				09471CBE19F0F2FE0060E700 /* NUDialChart.m */,
				09A65C8B19F3F045002AFB34 /* NUBarChart.h */,
				09A65C8C19F3F045002AFB34 /* NUBarChart.m */,
			);
			name = NUChart;
			sourceTree = "<group>";
		};
		09A65C8519F3D8A5002AFB34 /* XMCircleTypeView */ = {
			isa = PBXGroup;
			children = (
				09A65C8619F3D8A5002AFB34 /* XMCircleTypeView.h */,
				09A65C8719F3D8A5002AFB34 /* XMCircleTypeView.m */,
			);
			name = XMCircleTypeView;
			path = NuweScoreFramework/XMCircleTypeView;
			sourceTree = "<group>";
		};
		09D66AF819ECB24A0012FE77 = {
			isa = PBXGroup;
			children = (
				09A65C8519F3D8A5002AFB34 /* XMCircleTypeView */,
				09471CBC19F0F2A50060E700 /* NUChart */,
				09D66B2719ED1C550012FE77 /* PNChart */,
				09D66B3A19ED1C550012FE77 /* UICountingLabel */,
				09D66B0419ECB24B0012FE77 /* NuweScoreFramework */,
				09D66B0E19ECB24B0012FE77 /* NuweScoreFrameworkTests */,
				09D66B0319ECB24B0012FE77 /* Products */,
			);
			sourceTree = "<group>";
		};
		09D66B0319ECB24B0012FE77 /* Products */ = {
			isa = PBXGroup;
			children = (
				09D66B0219ECB24B0012FE77 /* NuweScoreChart.framework */,
				09D66B0D19ECB24B0012FE77 /* NuweScoreFrameworkTests.xctest */,
			);
			name = Products;
			sourceTree = "<group>";
		};
		09D66B0419ECB24B0012FE77 /* NuweScoreFramework */ = {
			isa = PBXGroup;
			children = (
				09D66B5119EDE6DE0012FE77 /* Define.h */,
				09D66B0719ECB24B0012FE77 /* NuweScoreFramework.h */,
				09D66B0519ECB24B0012FE77 /* Supporting Files */,
			);
			path = NuweScoreFramework;
			sourceTree = "<group>";
		};
		09D66B0519ECB24B0012FE77 /* Supporting Files */ = {
			isa = PBXGroup;
			children = (
				09D66B0619ECB24B0012FE77 /* Info.plist */,
			);
			name = "Supporting Files";
			sourceTree = "<group>";
		};
		09D66B0E19ECB24B0012FE77 /* NuweScoreFrameworkTests */ = {
			isa = PBXGroup;
			children = (
				09D66B1119ECB24B0012FE77 /* NuweScoreFrameworkTests.m */,
				09D66B0F19ECB24B0012FE77 /* Supporting Files */,
			);
			path = NuweScoreFrameworkTests;
			sourceTree = "<group>";
		};
		09D66B0F19ECB24B0012FE77 /* Supporting Files */ = {
			isa = PBXGroup;
			children = (
				09D66B1019ECB24B0012FE77 /* Info.plist */,
			);
			name = "Supporting Files";
			sourceTree = "<group>";
		};
		09D66B2719ED1C550012FE77 /* PNChart */ = {
			isa = PBXGroup;
			children = (
				09D66B2819ED1C550012FE77 /* PNBar.h */,
				09D66B2919ED1C550012FE77 /* PNBar.m */,
				09D66B2A19ED1C550012FE77 /* PNBarChart.h */,
				09D66B2B19ED1C550012FE77 /* PNBarChart.m */,
				09D66B2C19ED1C550012FE77 /* PNChart.h */,
				09D66B2D19ED1C550012FE77 /* PNChartDelegate.h */,
				09D66B2E19ED1C550012FE77 /* PNChartLabel.h */,
				09D66B2F19ED1C550012FE77 /* PNChartLabel.m */,
				09D66B3019ED1C550012FE77 /* PNCircleChart.h */,
				09D66B3119ED1C550012FE77 /* PNCircleChart.m */,
				09D66B3219ED1C550012FE77 /* PNColor.h */,
				09D66B3319ED1C550012FE77 /* PNColor.m */,
				09D66B3419ED1C550012FE77 /* PNLineChart.h */,
				09D66B3519ED1C550012FE77 /* PNLineChart.m */,
				09D66B3619ED1C550012FE77 /* PNLineChartData.h */,
				09D66B3719ED1C550012FE77 /* PNLineChartData.m */,
				09D66B3819ED1C550012FE77 /* PNLineChartDataItem.h */,
				09D66B3919ED1C550012FE77 /* PNLineChartDataItem.m */,
			);
			name = PNChart;
			path = NuweScoreFramework/PNChart;
			sourceTree = "<group>";
		};
		09D66B3A19ED1C550012FE77 /* UICountingLabel */ = {
			isa = PBXGroup;
			children = (
				09D66B3B19ED1C550012FE77 /* UICountingLabel.h */,
				09D66B3C19ED1C550012FE77 /* UICountingLabel.m */,
			);
			name = UICountingLabel;
			path = NuweScoreFramework/UICountingLabel;
			sourceTree = "<group>";
		};
/* End PBXGroup section */

/* Begin PBXHeadersBuildPhase section */
		09D66AFF19ECB24B0012FE77 /* Headers */ = {
			isa = PBXHeadersBuildPhase;
			buildActionMask = 2147483647;
			files = (
				09D66B3F19ED1C550012FE77 /* PNBarChart.h in Headers */,
				09D66B3D19ED1C550012FE77 /* PNBar.h in Headers */,
				09D66B4919ED1C550012FE77 /* PNLineChart.h in Headers */,
				09D66B4B19ED1C550012FE77 /* PNLineChartData.h in Headers */,
				09D66B4D19ED1C550012FE77 /* PNLineChartDataItem.h in Headers */,
				09D66B4319ED1C550012FE77 /* PNChartLabel.h in Headers */,
				09A65C8819F3D8A5002AFB34 /* XMCircleTypeView.h in Headers */,
				09D66B4519ED1C550012FE77 /* PNCircleChart.h in Headers */,
				09D66B4719ED1C550012FE77 /* PNColor.h in Headers */,
				09471CBF19F0F2FE0060E700 /* NUDialChart.h in Headers */,
				09D66B4F19ED1C550012FE77 /* UICountingLabel.h in Headers */,
				09D66B0819ECB24B0012FE77 /* NuweScoreFramework.h in Headers */,
				09A65C8D19F3F045002AFB34 /* NUBarChart.h in Headers */,
				09D66B4219ED1C550012FE77 /* PNChartDelegate.h in Headers */,
				09D66B4119ED1C550012FE77 /* PNChart.h in Headers */,
				09D66B5219EDE6DE0012FE77 /* Define.h in Headers */,
			);
			runOnlyForDeploymentPostprocessing = 0;
		};
/* End PBXHeadersBuildPhase section */

/* Begin PBXNativeTarget section */
		09D66B0119ECB24B0012FE77 /* NuweScoreFramework */ = {
			isa = PBXNativeTarget;
			buildConfigurationList = 09D66B1519ECB24B0012FE77 /* Build configuration list for PBXNativeTarget "NuweScoreFramework" */;
			buildPhases = (
				09D66AFD19ECB24B0012FE77 /* Sources */,
				09D66AFE19ECB24B0012FE77 /* Frameworks */,
				09D66AFF19ECB24B0012FE77 /* Headers */,
				09D66B0019ECB24B0012FE77 /* Resources */,
			);
			buildRules = (
			);
			dependencies = (
			);
			name = NuweScoreFramework;
			productName = NuweScoreFramework;
			productReference = 09D66B0219ECB24B0012FE77 /* NuweScoreChart.framework */;
			productType = "com.apple.product-type.framework";
		};
		09D66B0C19ECB24B0012FE77 /* NuweScoreFrameworkTests */ = {
			isa = PBXNativeTarget;
			buildConfigurationList = 09D66B1819ECB24B0012FE77 /* Build configuration list for PBXNativeTarget "NuweScoreFrameworkTests" */;
			buildPhases = (
				09D66B0919ECB24B0012FE77 /* Sources */,
				09D66B0A19ECB24B0012FE77 /* Frameworks */,
				09D66B0B19ECB24B0012FE77 /* Resources */,
			);
			buildRules = (
			);
			dependencies = (
			);
			name = NuweScoreFrameworkTests;
			productName = NuweScoreFrameworkTests;
			productReference = 09D66B0D19ECB24B0012FE77 /* NuweScoreFrameworkTests.xctest */;
			productType = "com.apple.product-type.bundle.unit-test";
		};
/* End PBXNativeTarget section */

/* Begin PBXProject section */
		09D66AF919ECB24A0012FE77 /* Project object */ = {
			isa = PBXProject;
			attributes = {
				LastUpgradeCheck = 0600;
				ORGANIZATIONNAME = "Dimitar Plamenov";
				TargetAttributes = {
					09D66B0119ECB24B0012FE77 = {
						CreatedOnToolsVersion = 6.0;
						DevelopmentTeam = 846Z76CZ83;
					};
					09D66B0C19ECB24B0012FE77 = {
						CreatedOnToolsVersion = 6.0;
					};
					09E780641A00441900DEAF00 = {
						CreatedOnToolsVersion = 6.0;
					};
				};
			};
			buildConfigurationList = 09D66AFC19ECB24A0012FE77 /* Build configuration list for PBXProject "NuweScoreFramework" */;
			compatibilityVersion = "Xcode 3.2";
			developmentRegion = English;
			hasScannedForEncodings = 0;
			knownRegions = (
				en,
			);
			mainGroup = 09D66AF819ECB24A0012FE77;
			productRefGroup = 09D66B0319ECB24B0012FE77 /* Products */;
			projectDirPath = "";
			projectRoot = "";
			targets = (
				09D66B0119ECB24B0012FE77 /* NuweScoreFramework */,
				09D66B0C19ECB24B0012FE77 /* NuweScoreFrameworkTests */,
				09E780641A00441900DEAF00 /* NuweScore */,
			);
		};
/* End PBXProject section */

/* Begin PBXResourcesBuildPhase section */
		09D66B0019ECB24B0012FE77 /* Resources */ = {
			isa = PBXResourcesBuildPhase;
			buildActionMask = 2147483647;
			files = (
			);
			runOnlyForDeploymentPostprocessing = 0;
		};
		09D66B0B19ECB24B0012FE77 /* Resources */ = {
			isa = PBXResourcesBuildPhase;
			buildActionMask = 2147483647;
			files = (
			);
			runOnlyForDeploymentPostprocessing = 0;
		};
/* End PBXResourcesBuildPhase section */

/* Begin PBXShellScriptBuildPhase section */
		09E7806A1A00446200DEAF00 /* ShellScript */ = {
			isa = PBXShellScriptBuildPhase;
			buildActionMask = 2147483647;
			files = (
			);
			inputPaths = (
			);
			outputPaths = (
			);
			runOnlyForDeploymentPostprocessing = 0;
			shellPath = /bin/sh;
			shellScript = "# Sets the target folders and the final framework product.\nFMK_NAME=\"NuweScore\"\nFMK_VERSION=\"A\"\n\n# Install dir will be the final output to the framework.\n# The following line create it in the root folder of the current project.\nINSTALL_DIR=${SRCROOT}/Products/${FMK_NAME}.framework\n\n# Working dir will be deleted after the framework creation.\nWRK_DIR=build\nDEVICE_DIR=${WRK_DIR}/Release-iphoneos/${FMK_NAME}.framework\nSIMULATOR_DIR=${WRK_DIR}/Release-iphonesimulator/${FMK_NAME}.framework\n\n# Building both architectures.\nxcodebuild -configuration \"Release\" -target \"${FMK_NAME}\" -sdk iphoneos\nxcodebuild -configuration \"Release\" -target \"${FMK_NAME}\" -sdk iphonesimulator\n\n# Cleaning the oldest.\nif [ -d \"${INSTALL_DIR}\" ]\nthen\nrm -rf \"${INSTALL_DIR}\"\nfi\n\n# Creates and renews the final product folder.\nmkdir -p \"${INSTALL_DIR}\"\nmkdir -p \"${INSTALL_DIR}/Versions\"\nmkdir -p \"${INSTALL_DIR}/Versions/${FMK_VERSION}\"\nmkdir -p \"${INSTALL_DIR}/Versions/${FMK_VERSION}/Resources\"\nmkdir -p \"${INSTALL_DIR}/Versions/${FMK_VERSION}/Headers\"\n\n# Creates the internal links.\n# It MUST uses relative path, otherwise will not work when the folder is copied/moved.\nln -s \"${FMK_VERSION}\" \"${INSTALL_DIR}/Versions/Current\"\nln -s \"Versions/Current/Headers\" \"${INSTALL_DIR}/Headers\"\nln -s \"Versions/Current/Resources\" \"${INSTALL_DIR}/Resources\"\nln -s \"Versions/Current/${FMK_NAME}\" \"${INSTALL_DIR}/${FMK_NAME}\"\n\n# Copies the headers and resources files to the final product folder.\ncp -R \"${DEVICE_DIR}/Headers/\" \"${INSTALL_DIR}/Versions/${FMK_VERSION}/Headers/\"\ncp -R \"${DEVICE_DIR}/\" \"${INSTALL_DIR}/Versions/${FMK_VERSION}/Resources/\"\n\n# Removes the binary and header from the resources folder.\nrm -r \"${INSTALL_DIR}/Versions/${FMK_VERSION}/Resources/Headers\" \"${INSTALL_DIR}/Versions/${FMK_VERSION}/Resources/${FMK_NAME}\"\n\n# Uses the Lipo Tool to merge both binary files (i386 + armv6/armv7) into one Universal final product.\nlipo -create \"${DEVICE_DIR}/${FMK_NAME}\" \"${SIMULATOR_DIR}/${FMK_NAME}\" -output \"${INSTALL_DIR}/Versions/${FMK_VERSION}/${FMK_NAME}\"\n\nrm -r \"${WRK_DIR}\"";
		};
/* End PBXShellScriptBuildPhase section */

/* Begin PBXSourcesBuildPhase section */
		09D66AFD19ECB24B0012FE77 /* Sources */ = {
			isa = PBXSourcesBuildPhase;
			buildActionMask = 2147483647;
			files = (
				09D66B4619ED1C550012FE77 /* PNCircleChart.m in Sources */,
				09D66B4E19ED1C550012FE77 /* PNLineChartDataItem.m in Sources */,
				09D66B5019ED1C550012FE77 /* UICountingLabel.m in Sources */,
				09471CC019F0F2FE0060E700 /* NUDialChart.m in Sources */,
				09D66B4C19ED1C550012FE77 /* PNLineChartData.m in Sources */,
				09D66B4419ED1C550012FE77 /* PNChartLabel.m in Sources */,
				09A65C8919F3D8A5002AFB34 /* XMCircleTypeView.m in Sources */,
				09D66B4A19ED1C550012FE77 /* PNLineChart.m in Sources */,
				09D66B4019ED1C550012FE77 /* PNBarChart.m in Sources */,
				09A65C8E19F3F045002AFB34 /* NUBarChart.m in Sources */,
				09D66B3E19ED1C550012FE77 /* PNBar.m in Sources */,
				09D66B4819ED1C550012FE77 /* PNColor.m in Sources */,
			);
			runOnlyForDeploymentPostprocessing = 0;
		};
		09D66B0919ECB24B0012FE77 /* Sources */ = {
			isa = PBXSourcesBuildPhase;
			buildActionMask = 2147483647;
			files = (
				09D66B1219ECB24B0012FE77 /* NuweScoreFrameworkTests.m in Sources */,
			);
			runOnlyForDeploymentPostprocessing = 0;
		};
/* End PBXSourcesBuildPhase section */

/* Begin PBXTargetDependency section */
		09E7806C1A0044BE00DEAF00 /* PBXTargetDependency */ = {
			isa = PBXTargetDependency;
			target = 09D66B0119ECB24B0012FE77 /* NuweScoreFramework */;
			targetProxy = 09E7806B1A0044BE00DEAF00 /* PBXContainerItemProxy */;
		};
/* End PBXTargetDependency section */

/* Begin XCBuildConfiguration section */
		09D66B1319ECB24B0012FE77 /* Debug */ = {
			isa = XCBuildConfiguration;
			buildSettings = {
				ALWAYS_SEARCH_USER_PATHS = NO;
				CLANG_CXX_LANGUAGE_STANDARD = "gnu++0x";
				CLANG_CXX_LIBRARY = "libc++";
				CLANG_ENABLE_MODULES = YES;
				CLANG_ENABLE_OBJC_ARC = YES;
				CLANG_WARN_BOOL_CONVERSION = YES;
				CLANG_WARN_CONSTANT_CONVERSION = YES;
				CLANG_WARN_DIRECT_OBJC_ISA_USAGE = YES_ERROR;
				CLANG_WARN_EMPTY_BODY = YES;
				CLANG_WARN_ENUM_CONVERSION = YES;
				CLANG_WARN_INT_CONVERSION = YES;
				CLANG_WARN_OBJC_ROOT_CLASS = YES_ERROR;
				CLANG_WARN_UNREACHABLE_CODE = YES;
				CLANG_WARN__DUPLICATE_METHOD_MATCH = YES;
				"CODE_SIGN_IDENTITY[sdk=iphoneos*]" = "iPhone Developer";
				COPY_PHASE_STRIP = NO;
				CURRENT_PROJECT_VERSION = 1;
				ENABLE_STRICT_OBJC_MSGSEND = YES;
				GCC_C_LANGUAGE_STANDARD = gnu99;
				GCC_DYNAMIC_NO_PIC = NO;
				GCC_OPTIMIZATION_LEVEL = 0;
				GCC_PREPROCESSOR_DEFINITIONS = (
					"DEBUG=1",
					"$(inherited)",
				);
				GCC_SYMBOLS_PRIVATE_EXTERN = NO;
				GCC_WARN_64_TO_32_BIT_CONVERSION = YES;
				GCC_WARN_ABOUT_RETURN_TYPE = YES_ERROR;
				GCC_WARN_UNDECLARED_SELECTOR = YES;
				GCC_WARN_UNINITIALIZED_AUTOS = YES_AGGRESSIVE;
				GCC_WARN_UNUSED_FUNCTION = YES;
				GCC_WARN_UNUSED_VARIABLE = YES;
				IPHONEOS_DEPLOYMENT_TARGET = 8.0;
				MTL_ENABLE_DEBUG_INFO = YES;
				ONLY_ACTIVE_ARCH = YES;
				SDKROOT = iphoneos;
				TARGETED_DEVICE_FAMILY = "1,2";
				VERSIONING_SYSTEM = "apple-generic";
				VERSION_INFO_PREFIX = "";
			};
			name = Debug;
		};
		09D66B1419ECB24B0012FE77 /* Release */ = {
			isa = XCBuildConfiguration;
			buildSettings = {
				ALWAYS_SEARCH_USER_PATHS = NO;
				CLANG_CXX_LANGUAGE_STANDARD = "gnu++0x";
				CLANG_CXX_LIBRARY = "libc++";
				CLANG_ENABLE_MODULES = YES;
				CLANG_ENABLE_OBJC_ARC = YES;
				CLANG_WARN_BOOL_CONVERSION = YES;
				CLANG_WARN_CONSTANT_CONVERSION = YES;
				CLANG_WARN_DIRECT_OBJC_ISA_USAGE = YES_ERROR;
				CLANG_WARN_EMPTY_BODY = YES;
				CLANG_WARN_ENUM_CONVERSION = YES;
				CLANG_WARN_INT_CONVERSION = YES;
				CLANG_WARN_OBJC_ROOT_CLASS = YES_ERROR;
				CLANG_WARN_UNREACHABLE_CODE = YES;
				CLANG_WARN__DUPLICATE_METHOD_MATCH = YES;
				"CODE_SIGN_IDENTITY[sdk=iphoneos*]" = "iPhone Developer";
				COPY_PHASE_STRIP = YES;
				CURRENT_PROJECT_VERSION = 1;
				ENABLE_NS_ASSERTIONS = NO;
				ENABLE_STRICT_OBJC_MSGSEND = YES;
				GCC_C_LANGUAGE_STANDARD = gnu99;
				GCC_WARN_64_TO_32_BIT_CONVERSION = YES;
				GCC_WARN_ABOUT_RETURN_TYPE = YES_ERROR;
				GCC_WARN_UNDECLARED_SELECTOR = YES;
				GCC_WARN_UNINITIALIZED_AUTOS = YES_AGGRESSIVE;
				GCC_WARN_UNUSED_FUNCTION = YES;
				GCC_WARN_UNUSED_VARIABLE = YES;
				IPHONEOS_DEPLOYMENT_TARGET = 8.0;
				MTL_ENABLE_DEBUG_INFO = NO;
				SDKROOT = iphoneos;
				TARGETED_DEVICE_FAMILY = "1,2";
				VALIDATE_PRODUCT = YES;
				VERSIONING_SYSTEM = "apple-generic";
				VERSION_INFO_PREFIX = "";
			};
			name = Release;
		};
		09D66B1619ECB24B0012FE77 /* Debug */ = {
			isa = XCBuildConfiguration;
			buildSettings = {
				CODE_SIGN_IDENTITY = "iPhone Developer";
				DEFINES_MODULE = YES;
				DYLIB_COMPATIBILITY_VERSION = 1;
				DYLIB_CURRENT_VERSION = 1;
				DYLIB_INSTALL_NAME_BASE = "@rpath";
				INFOPLIST_FILE = NuweScoreFramework/Info.plist;
				INSTALL_PATH = "$(LOCAL_LIBRARY_DIR)/Frameworks";
				LD_RUNPATH_SEARCH_PATHS = "$(inherited) @executable_path/Frameworks @loader_path/Frameworks";
				PRODUCT_NAME = NuweScoreChart;
				SKIP_INSTALL = YES;
			};
			name = Debug;
		};
		09D66B1719ECB24B0012FE77 /* Release */ = {
			isa = XCBuildConfiguration;
			buildSettings = {
				CODE_SIGN_IDENTITY = "iPhone Developer";
				DEFINES_MODULE = YES;
				DYLIB_COMPATIBILITY_VERSION = 1;
				DYLIB_CURRENT_VERSION = 1;
				DYLIB_INSTALL_NAME_BASE = "@rpath";
				INFOPLIST_FILE = NuweScoreFramework/Info.plist;
				INSTALL_PATH = "$(LOCAL_LIBRARY_DIR)/Frameworks";
				LD_RUNPATH_SEARCH_PATHS = "$(inherited) @executable_path/Frameworks @loader_path/Frameworks";
				PRODUCT_NAME = NuweScoreChart;
				SKIP_INSTALL = YES;
			};
			name = Release;
		};
		09D66B1919ECB24B0012FE77 /* Debug */ = {
			isa = XCBuildConfiguration;
			buildSettings = {
				FRAMEWORK_SEARCH_PATHS = (
					"$(SDKROOT)/Developer/Library/Frameworks",
					"$(inherited)",
				);
				GCC_PREPROCESSOR_DEFINITIONS = (
					"DEBUG=1",
					"$(inherited)",
				);
				INFOPLIST_FILE = NuweScoreFrameworkTests/Info.plist;
				LD_RUNPATH_SEARCH_PATHS = "$(inherited) @executable_path/Frameworks @loader_path/Frameworks";
				PRODUCT_NAME = "$(TARGET_NAME)";
			};
			name = Debug;
		};
		09D66B1A19ECB24B0012FE77 /* Release */ = {
			isa = XCBuildConfiguration;
			buildSettings = {
				FRAMEWORK_SEARCH_PATHS = (
					"$(SDKROOT)/Developer/Library/Frameworks",
					"$(inherited)",
				);
				INFOPLIST_FILE = NuweScoreFrameworkTests/Info.plist;
				LD_RUNPATH_SEARCH_PATHS = "$(inherited) @executable_path/Frameworks @loader_path/Frameworks";
				PRODUCT_NAME = "$(TARGET_NAME)";
			};
			name = Release;
		};
		09E780661A00441900DEAF00 /* Debug */ = {
			isa = XCBuildConfiguration;
			buildSettings = {
				PRODUCT_NAME = "$(TARGET_NAME)";
			};
			name = Debug;
		};
		09E780671A00441900DEAF00 /* Release */ = {
			isa = XCBuildConfiguration;
			buildSettings = {
				PRODUCT_NAME = "$(TARGET_NAME)";
			};
			name = Release;
		};
/* End XCBuildConfiguration section */

/* Begin XCConfigurationList section */
		09D66AFC19ECB24A0012FE77 /* Build configuration list for PBXProject "NuweScoreFramework" */ = {
			isa = XCConfigurationList;
			buildConfigurations = (
				09D66B1319ECB24B0012FE77 /* Debug */,
				09D66B1419ECB24B0012FE77 /* Release */,
			);
			defaultConfigurationIsVisible = 0;
			defaultConfigurationName = Release;
		};
		09D66B1519ECB24B0012FE77 /* Build configuration list for PBXNativeTarget "NuweScoreFramework" */ = {
			isa = XCConfigurationList;
			buildConfigurations = (
				09D66B1619ECB24B0012FE77 /* Debug */,
				09D66B1719ECB24B0012FE77 /* Release */,
			);
			defaultConfigurationIsVisible = 0;
			defaultConfigurationName = Release;
		};
		09D66B1819ECB24B0012FE77 /* Build configuration list for PBXNativeTarget "NuweScoreFrameworkTests" */ = {
			isa = XCConfigurationList;
			buildConfigurations = (
				09D66B1919ECB24B0012FE77 /* Debug */,
				09D66B1A19ECB24B0012FE77 /* Release */,
			);
			defaultConfigurationIsVisible = 0;
			defaultConfigurationName = Release;
		};
		09E780651A00441900DEAF00 /* Build configuration list for PBXAggregateTarget "NuweScore" */ = {
			isa = XCConfigurationList;
			buildConfigurations = (
				09E780661A00441900DEAF00 /* Debug */,
				09E780671A00441900DEAF00 /* Release */,
			);
			defaultConfigurationIsVisible = 0;
			defaultConfigurationName = Release;
		};
/* End XCConfigurationList section */
	};
	rootObject = 09D66AF919ECB24A0012FE77 /* Project object */;
}
